// !$*UTF8*$!
{
	archiveVersion = 1;
	classes = {
	};
	objectVersion = 46;
	objects = {

/* Begin PBXBuildFile section */
		591884501ED805D500DF180F /* libVisualKit.dylib in Frameworks */ = {isa = PBXBuildFile; fileRef = 59E0D3F21ED55EF800BF10C4 /* libVisualKit.dylib */; };
		59363F3E1EE9E05B00A96EC8 /* CustomView3.cpp in Sources */ = {isa = PBXBuildFile; fileRef = 59363F3C1EE9E05B00A96EC8 /* CustomView3.cpp */; };
		59363F431EEA86A600A96EC8 /* VKContextMenu.cpp in Sources */ = {isa = PBXBuildFile; fileRef = 59363F411EEA86A600A96EC8 /* VKContextMenu.cpp */; };
		59363F461EEA86BA00A96EC8 /* VKContextMenu.hpp in Headers */ = {isa = PBXBuildFile; fileRef = 59363F451EEA86BA00A96EC8 /* VKContextMenu.hpp */; };
		594285111EF907EF0080DEAA /* VKStoryboard.cpp in Sources */ = {isa = PBXBuildFile; fileRef = 5942850F1EF907EF0080DEAA /* VKStoryboard.cpp */; };
		594285161EF9080A0080DEAA /* VKStoryboard.hpp in Headers */ = {isa = PBXBuildFile; fileRef = 594285151EF9080A0080DEAA /* VKStoryboard.hpp */; settings = {ATTRIBUTES = (Public, ); }; };
		59E016881EDD561B00E8986D /* VKLayout.cpp in Sources */ = {isa = PBXBuildFile; fileRef = 59E016861EDD561B00E8986D /* VKLayout.cpp */; };
		59E0168D1EDD563A00E8986D /* VKLayout.hpp in Headers */ = {isa = PBXBuildFile; fileRef = 59E0168C1EDD563A00E8986D /* VKLayout.hpp */; settings = {ATTRIBUTES = (Public, ); }; };
		59E0D35E1ECE0B3800BF10C4 /* libGX.dylib in Frameworks */ = {isa = PBXBuildFile; fileRef = 59E0D35D1ECE0AE200BF10C4 /* libGX.dylib */; };
		59E0D3641ECE0C5F00BF10C4 /* libGroundBase-cpp.dylib in Frameworks */ = {isa = PBXBuildFile; fileRef = 59E0D3631ECE0C5F00BF10C4 /* libGroundBase-cpp.dylib */; };
		59E0D3851ECED85200BF10C4 /* CustomView.cpp in Sources */ = {isa = PBXBuildFile; fileRef = 59E0D3821ECED85200BF10C4 /* CustomView.cpp */; };
		59E0D3861ECED85200BF10C4 /* main.cpp in Sources */ = {isa = PBXBuildFile; fileRef = 59E0D3841ECED85200BF10C4 /* main.cpp */; };
		59E0D3A81ED0DB0B00BF10C4 /* AppDelegate.cpp in Sources */ = {isa = PBXBuildFile; fileRef = 59E0D3A61ED0DB0B00BF10C4 /* AppDelegate.cpp */; };
		59E0D3AC1ED19D3200BF10C4 /* CustomView2.cpp in Sources */ = {isa = PBXBuildFile; fileRef = 59E0D3AA1ED19D3200BF10C4 /* CustomView2.cpp */; };
		59E0D3BF1ED1AC6600BF10C4 /* libGX.dylib in Frameworks */ = {isa = PBXBuildFile; fileRef = 59E0D35D1ECE0AE200BF10C4 /* libGX.dylib */; };
		59E0D3C01ED1AC6600BF10C4 /* libGroundBase-cpp.dylib in Frameworks */ = {isa = PBXBuildFile; fileRef = 59E0D3631ECE0C5F00BF10C4 /* libGroundBase-cpp.dylib */; };
		59E0D3C81ED1ACB500BF10C4 /* mainVKBuilder.cpp in Sources */ = {isa = PBXBuildFile; fileRef = 59E0D3C71ED1ACB500BF10C4 /* mainVKBuilder.cpp */; };
		59E0D3CB1ED1ACC600BF10C4 /* AppDelegate.cpp in Sources */ = {isa = PBXBuildFile; fileRef = 59E0D3C91ED1ACC600BF10C4 /* AppDelegate.cpp */; };
		59E0D3CE1ED1AD1F00BF10C4 /* BuilderMainView.cpp in Sources */ = {isa = PBXBuildFile; fileRef = 59E0D3CC1ED1AD1F00BF10C4 /* BuilderMainView.cpp */; };
		59E0D3D11ED1B06300BF10C4 /* BuilderToolBox.cpp in Sources */ = {isa = PBXBuildFile; fileRef = 59E0D3CF1ED1B06300BF10C4 /* BuilderToolBox.cpp */; };
		59E0D3DF1ED4133800BF10C4 /* ColorPickerView.cpp in Sources */ = {isa = PBXBuildFile; fileRef = 59E0D3DD1ED4133800BF10C4 /* ColorPickerView.cpp */; };
		59E0D4051ED55F3700BF10C4 /* CLApplication.hpp in Headers */ = {isa = PBXBuildFile; fileRef = 59E0D3F71ED55F3700BF10C4 /* CLApplication.hpp */; settings = {ATTRIBUTES = (Public, ); }; };
		59E0D4061ED55F3700BF10C4 /* CLApplicationDelegate.hpp in Headers */ = {isa = PBXBuildFile; fileRef = 59E0D3F81ED55F3700BF10C4 /* CLApplicationDelegate.hpp */; settings = {ATTRIBUTES = (Public, ); }; };
		59E0D4071ED55F3700BF10C4 /* VK.hpp in Headers */ = {isa = PBXBuildFile; fileRef = 59E0D3F91ED55F3700BF10C4 /* VK.hpp */; settings = {ATTRIBUTES = (Public, ); }; };
		59E0D4081ED55F3700BF10C4 /* VKAction.hpp in Headers */ = {isa = PBXBuildFile; fileRef = 59E0D3FA1ED55F3700BF10C4 /* VKAction.hpp */; settings = {ATTRIBUTES = (Public, ); }; };
		59E0D4091ED55F3700BF10C4 /* VKAlertView.hpp in Headers */ = {isa = PBXBuildFile; fileRef = 59E0D3FB1ED55F3700BF10C4 /* VKAlertView.hpp */; settings = {ATTRIBUTES = (Public, ); }; };
		59E0D40A1ED55F3700BF10C4 /* VKButton.hpp in Headers */ = {isa = PBXBuildFile; fileRef = 59E0D3FC1ED55F3700BF10C4 /* VKButton.hpp */; settings = {ATTRIBUTES = (Public, ); }; };
		59E0D40B1ED55F3700BF10C4 /* VKCursor.hpp in Headers */ = {isa = PBXBuildFile; fileRef = 59E0D3FD1ED55F3700BF10C4 /* VKCursor.hpp */; settings = {ATTRIBUTES = (Public, ); }; };
		59E0D40C1ED55F3700BF10C4 /* VKImage.hpp in Headers */ = {isa = PBXBuildFile; fileRef = 59E0D3FE1ED55F3700BF10C4 /* VKImage.hpp */; settings = {ATTRIBUTES = (Public, ); }; };
		59E0D40D1ED55F3700BF10C4 /* VKKeyboard.hpp in Headers */ = {isa = PBXBuildFile; fileRef = 59E0D3FF1ED55F3700BF10C4 /* VKKeyboard.hpp */; settings = {ATTRIBUTES = (Public, ); }; };
		59E0D40E1ED55F3700BF10C4 /* VKLabel.hpp in Headers */ = {isa = PBXBuildFile; fileRef = 59E0D4001ED55F3700BF10C4 /* VKLabel.hpp */; settings = {ATTRIBUTES = (Public, ); }; };
		59E0D40F1ED55F3700BF10C4 /* VKTextInput.hpp in Headers */ = {isa = PBXBuildFile; fileRef = 59E0D4011ED55F3700BF10C4 /* VKTextInput.hpp */; settings = {ATTRIBUTES = (Public, ); }; };
		59E0D4101ED55F3700BF10C4 /* VKTouch.hpp in Headers */ = {isa = PBXBuildFile; fileRef = 59E0D4021ED55F3700BF10C4 /* VKTouch.hpp */; settings = {ATTRIBUTES = (Public, ); }; };
		59E0D4111ED55F3700BF10C4 /* VKView.hpp in Headers */ = {isa = PBXBuildFile; fileRef = 59E0D4031ED55F3700BF10C4 /* VKView.hpp */; settings = {ATTRIBUTES = (Public, ); }; };
		59E0D4121ED55F3700BF10C4 /* VKWindow.hpp in Headers */ = {isa = PBXBuildFile; fileRef = 59E0D4041ED55F3700BF10C4 /* VKWindow.hpp */; };
		59E0D4131ED55F4E00BF10C4 /* VKLabel.cpp in Sources */ = {isa = PBXBuildFile; fileRef = 59E0D3D31ED1BBB200BF10C4 /* VKLabel.cpp */; };
		59E0D4141ED55F4E00BF10C4 /* VKImage.cpp in Sources */ = {isa = PBXBuildFile; fileRef = 59E0D3D71ED1BBC200BF10C4 /* VKImage.cpp */; };
		59E0D4151ED55F4E00BF10C4 /* VKTextInput.cpp in Sources */ = {isa = PBXBuildFile; fileRef = 59E0D3931ECF641900BF10C4 /* VKTextInput.cpp */; };
		59E0D4161ED55F4E00BF10C4 /* VKCursor.cpp in Sources */ = {isa = PBXBuildFile; fileRef = 59E0D3901ECF406700BF10C4 /* VKCursor.cpp */; };
		59E0D4171ED55F4E00BF10C4 /* VKAlertView.cpp in Sources */ = {isa = PBXBuildFile; fileRef = 59E0D38D1ECEFB7A00BF10C4 /* VKAlertView.cpp */; };
		59E0D4181ED55F4E00BF10C4 /* VKTouch.cpp in Sources */ = {isa = PBXBuildFile; fileRef = 59E0D37B1ECED39F00BF10C4 /* VKTouch.cpp */; };
		59E0D4191ED55F4E00BF10C4 /* VKKeyboard.cpp in Sources */ = {isa = PBXBuildFile; fileRef = 59E0D3961ED034A600BF10C4 /* VKKeyboard.cpp */; };
		59E0D41A1ED55F4E00BF10C4 /* VK.cpp in Sources */ = {isa = PBXBuildFile; fileRef = 59E0D3781ECECD6D00BF10C4 /* VK.cpp */; };
		59E0D41B1ED55F4E00BF10C4 /* VKButton.cpp in Sources */ = {isa = PBXBuildFile; fileRef = 59E0D3731ECE2B5600BF10C4 /* VKButton.cpp */; };
		59E0D41C1ED55F4E00BF10C4 /* VKView.cpp in Sources */ = {isa = PBXBuildFile; fileRef = 59E0D36E1ECE1C4E00BF10C4 /* VKView.cpp */; };
		59E0D41D1ED55F4E00BF10C4 /* VKWindow.cpp in Sources */ = {isa = PBXBuildFile; fileRef = 59E0D3651ECE0C8A00BF10C4 /* VKWindow.cpp */; };
		59E0D41E1ED55F4E00BF10C4 /* CLApplication.cpp in Sources */ = {isa = PBXBuildFile; fileRef = 59E0D3691ECE17C600BF10C4 /* CLApplication.cpp */; };
		59E0D41F1ED55F4E00BF10C4 /* CLApplicationDelegate.cpp in Sources */ = {isa = PBXBuildFile; fileRef = 59E0D39F1ED0DAC400BF10C4 /* CLApplicationDelegate.cpp */; };
		59E0D4201ED55F9500BF10C4 /* libGX.dylib in Frameworks */ = {isa = PBXBuildFile; fileRef = 59E0D35D1ECE0AE200BF10C4 /* libGX.dylib */; };
		59E0D4211ED55FB200BF10C4 /* libGroundBase-cpp.dylib in Frameworks */ = {isa = PBXBuildFile; fileRef = 59E0D3631ECE0C5F00BF10C4 /* libGroundBase-cpp.dylib */; };
		59E0D4221ED55FBC00BF10C4 /* libVisualKit.dylib in Frameworks */ = {isa = PBXBuildFile; fileRef = 59E0D3F21ED55EF800BF10C4 /* libVisualKit.dylib */; };
		59F0D6C01EE46BC9006461F2 /* VKDropDown.cpp in Sources */ = {isa = PBXBuildFile; fileRef = 59F0D6BE1EE46BC9006461F2 /* VKDropDown.cpp */; };
		59F0D6C51EE46C2C006461F2 /* VKDropDown.hpp in Headers */ = {isa = PBXBuildFile; fileRef = 59F0D6C41EE46C2C006461F2 /* VKDropDown.hpp */; settings = {ATTRIBUTES = (Public, ); }; };
		59F0D6C81EE4A303006461F2 /* VKSlider.cpp in Sources */ = {isa = PBXBuildFile; fileRef = 59F0D6C61EE4A303006461F2 /* VKSlider.cpp */; };
		59F0D6CB1EE4A31B006461F2 /* VKSlider.hpp in Headers */ = {isa = PBXBuildFile; fileRef = 59F0D6CA1EE4A31B006461F2 /* VKSlider.hpp */; settings = {ATTRIBUTES = (Public, ); }; };
/* End PBXBuildFile section */

/* Begin PBXContainerItemProxy section */
		59E0D35A1ECE0AE200BF10C4 /* PBXContainerItemProxy */ = {
			isa = PBXContainerItemProxy;
			containerPortal = 59E0D3551ECE0AE200BF10C4 /* GX.xcodeproj */;
			proxyType = 2;
			remoteGlobalIDString = 59FA9D801E9217CD00A96B57;
			remoteInfo = GX;
		};
		59E0D35C1ECE0AE200BF10C4 /* PBXContainerItemProxy */ = {
			isa = PBXContainerItemProxy;
			containerPortal = 59E0D3551ECE0AE200BF10C4 /* GX.xcodeproj */;
			proxyType = 2;
			remoteGlobalIDString = 595B2EFA1ECB063B00B4FE62;
			remoteInfo = libGX;
		};
/* End PBXContainerItemProxy section */

/* Begin PBXCopyFilesBuildPhase section */
		59E0D3491ECE0AD700BF10C4 /* CopyFiles */ = {
			isa = PBXCopyFilesBuildPhase;
			buildActionMask = 2147483647;
			dstPath = /usr/share/man/man1/;
			dstSubfolderSpec = 0;
			files = (
			);
			runOnlyForDeploymentPostprocessing = 1;
		};
		59E0D3C11ED1AC6600BF10C4 /* CopyFiles */ = {
			isa = PBXCopyFilesBuildPhase;
			buildActionMask = 2147483647;
			dstPath = /usr/share/man/man1/;
			dstSubfolderSpec = 0;
			files = (
			);
			runOnlyForDeploymentPostprocessing = 1;
		};
/* End PBXCopyFilesBuildPhase section */

/* Begin PBXFileReference section */
		59363F3C1EE9E05B00A96EC8 /* CustomView3.cpp */ = {isa = PBXFileReference; fileEncoding = 4; lastKnownFileType = sourcecode.cpp.cpp; path = CustomView3.cpp; sourceTree = "<group>"; };
		59363F3D1EE9E05B00A96EC8 /* CustomView3.hpp */ = {isa = PBXFileReference; fileEncoding = 4; lastKnownFileType = sourcecode.cpp.h; path = CustomView3.hpp; sourceTree = "<group>"; };
		59363F411EEA86A600A96EC8 /* VKContextMenu.cpp */ = {isa = PBXFileReference; fileEncoding = 4; lastKnownFileType = sourcecode.cpp.cpp; path = VKContextMenu.cpp; sourceTree = "<group>"; };
		59363F451EEA86BA00A96EC8 /* VKContextMenu.hpp */ = {isa = PBXFileReference; fileEncoding = 4; lastKnownFileType = sourcecode.cpp.h; path = VKContextMenu.hpp; sourceTree = "<group>"; };
		5942850F1EF907EF0080DEAA /* VKStoryboard.cpp */ = {isa = PBXFileReference; fileEncoding = 4; lastKnownFileType = sourcecode.cpp.cpp; path = VKStoryboard.cpp; sourceTree = "<group>"; };
		594285151EF9080A0080DEAA /* VKStoryboard.hpp */ = {isa = PBXFileReference; fileEncoding = 4; lastKnownFileType = sourcecode.cpp.h; path = VKStoryboard.hpp; sourceTree = "<group>"; };
		59E016861EDD561B00E8986D /* VKLayout.cpp */ = {isa = PBXFileReference; fileEncoding = 4; lastKnownFileType = sourcecode.cpp.cpp; path = VKLayout.cpp; sourceTree = "<group>"; };
		59E0168C1EDD563A00E8986D /* VKLayout.hpp */ = {isa = PBXFileReference; fileEncoding = 4; lastKnownFileType = sourcecode.cpp.h; path = VKLayout.hpp; sourceTree = "<group>"; };
		59E0D34B1ECE0AD700BF10C4 /* VisualKitTest */ = {isa = PBXFileReference; explicitFileType = "compiled.mach-o.executable"; includeInIndex = 0; path = VisualKitTest; sourceTree = BUILT_PRODUCTS_DIR; };
		59E0D3551ECE0AE200BF10C4 /* GX.xcodeproj */ = {isa = PBXFileReference; lastKnownFileType = "wrapper.pb-project"; name = GX.xcodeproj; path = ../GX/GX.xcodeproj; sourceTree = "<group>"; };
		59E0D3631ECE0C5F00BF10C4 /* libGroundBase-cpp.dylib */ = {isa = PBXFileReference; lastKnownFileType = "compiled.mach-o.dylib"; name = "libGroundBase-cpp.dylib"; path = "../../../../../../usr/local/lib/libGroundBase-cpp.dylib"; sourceTree = "<group>"; };
		59E0D3651ECE0C8A00BF10C4 /* VKWindow.cpp */ = {isa = PBXFileReference; fileEncoding = 4; lastKnownFileType = sourcecode.cpp.cpp; path = VKWindow.cpp; sourceTree = "<group>"; };
		59E0D3691ECE17C600BF10C4 /* CLApplication.cpp */ = {isa = PBXFileReference; fileEncoding = 4; lastKnownFileType = sourcecode.cpp.cpp; path = CLApplication.cpp; sourceTree = "<group>"; };
		59E0D36E1ECE1C4E00BF10C4 /* VKView.cpp */ = {isa = PBXFileReference; fileEncoding = 4; lastKnownFileType = sourcecode.cpp.cpp; path = VKView.cpp; sourceTree = "<group>"; };
		59E0D3731ECE2B5600BF10C4 /* VKButton.cpp */ = {isa = PBXFileReference; fileEncoding = 4; lastKnownFileType = sourcecode.cpp.cpp; path = VKButton.cpp; sourceTree = "<group>"; };
		59E0D3781ECECD6D00BF10C4 /* VK.cpp */ = {isa = PBXFileReference; fileEncoding = 4; lastKnownFileType = sourcecode.cpp.cpp; path = VK.cpp; sourceTree = "<group>"; };
		59E0D37B1ECED39F00BF10C4 /* VKTouch.cpp */ = {isa = PBXFileReference; fileEncoding = 4; lastKnownFileType = sourcecode.cpp.cpp; path = VKTouch.cpp; sourceTree = "<group>"; };
		59E0D3821ECED85200BF10C4 /* CustomView.cpp */ = {isa = PBXFileReference; fileEncoding = 4; lastKnownFileType = sourcecode.cpp.cpp; path = CustomView.cpp; sourceTree = "<group>"; };
		59E0D3831ECED85200BF10C4 /* CustomView.hpp */ = {isa = PBXFileReference; fileEncoding = 4; lastKnownFileType = sourcecode.cpp.h; path = CustomView.hpp; sourceTree = "<group>"; };
		59E0D3841ECED85200BF10C4 /* main.cpp */ = {isa = PBXFileReference; fileEncoding = 4; lastKnownFileType = sourcecode.cpp.cpp; path = main.cpp; sourceTree = "<group>"; };
		59E0D38D1ECEFB7A00BF10C4 /* VKAlertView.cpp */ = {isa = PBXFileReference; fileEncoding = 4; lastKnownFileType = sourcecode.cpp.cpp; path = VKAlertView.cpp; sourceTree = "<group>"; };
		59E0D3901ECF406700BF10C4 /* VKCursor.cpp */ = {isa = PBXFileReference; fileEncoding = 4; lastKnownFileType = sourcecode.cpp.cpp; path = VKCursor.cpp; sourceTree = "<group>"; };
		59E0D3931ECF641900BF10C4 /* VKTextInput.cpp */ = {isa = PBXFileReference; fileEncoding = 4; lastKnownFileType = sourcecode.cpp.cpp; path = VKTextInput.cpp; sourceTree = "<group>"; };
		59E0D3961ED034A600BF10C4 /* VKKeyboard.cpp */ = {isa = PBXFileReference; fileEncoding = 4; lastKnownFileType = sourcecode.cpp.cpp; path = VKKeyboard.cpp; sourceTree = "<group>"; };
		59E0D39F1ED0DAC400BF10C4 /* CLApplicationDelegate.cpp */ = {isa = PBXFileReference; fileEncoding = 4; lastKnownFileType = sourcecode.cpp.cpp; path = CLApplicationDelegate.cpp; sourceTree = "<group>"; };
		59E0D3A61ED0DB0B00BF10C4 /* AppDelegate.cpp */ = {isa = PBXFileReference; fileEncoding = 4; lastKnownFileType = sourcecode.cpp.cpp; path = AppDelegate.cpp; sourceTree = "<group>"; };
		59E0D3A71ED0DB0B00BF10C4 /* AppDelegate.hpp */ = {isa = PBXFileReference; fileEncoding = 4; lastKnownFileType = sourcecode.cpp.h; path = AppDelegate.hpp; sourceTree = "<group>"; };
		59E0D3AA1ED19D3200BF10C4 /* CustomView2.cpp */ = {isa = PBXFileReference; fileEncoding = 4; lastKnownFileType = sourcecode.cpp.cpp; path = CustomView2.cpp; sourceTree = "<group>"; };
		59E0D3AB1ED19D3200BF10C4 /* CustomView2.hpp */ = {isa = PBXFileReference; fileEncoding = 4; lastKnownFileType = sourcecode.cpp.h; path = CustomView2.hpp; sourceTree = "<group>"; };
		59E0D3C51ED1AC6600BF10C4 /* VKBuilder */ = {isa = PBXFileReference; explicitFileType = "compiled.mach-o.executable"; includeInIndex = 0; path = VKBuilder; sourceTree = BUILT_PRODUCTS_DIR; };
		59E0D3C71ED1ACB500BF10C4 /* mainVKBuilder.cpp */ = {isa = PBXFileReference; fileEncoding = 4; lastKnownFileType = sourcecode.cpp.cpp; path = mainVKBuilder.cpp; sourceTree = "<group>"; };
		59E0D3C91ED1ACC600BF10C4 /* AppDelegate.cpp */ = {isa = PBXFileReference; fileEncoding = 4; lastKnownFileType = sourcecode.cpp.cpp; path = AppDelegate.cpp; sourceTree = "<group>"; };
		59E0D3CA1ED1ACC600BF10C4 /* AppDelegate.hpp */ = {isa = PBXFileReference; fileEncoding = 4; lastKnownFileType = sourcecode.cpp.h; path = AppDelegate.hpp; sourceTree = "<group>"; };
		59E0D3CC1ED1AD1F00BF10C4 /* BuilderMainView.cpp */ = {isa = PBXFileReference; fileEncoding = 4; lastKnownFileType = sourcecode.cpp.cpp; path = BuilderMainView.cpp; sourceTree = "<group>"; };
		59E0D3CD1ED1AD1F00BF10C4 /* BuilderMainView.hpp */ = {isa = PBXFileReference; fileEncoding = 4; lastKnownFileType = sourcecode.cpp.h; path = BuilderMainView.hpp; sourceTree = "<group>"; };
		59E0D3CF1ED1B06300BF10C4 /* BuilderToolBox.cpp */ = {isa = PBXFileReference; fileEncoding = 4; lastKnownFileType = sourcecode.cpp.cpp; path = BuilderToolBox.cpp; sourceTree = "<group>"; };
		59E0D3D01ED1B06300BF10C4 /* BuilderToolBox.hpp */ = {isa = PBXFileReference; fileEncoding = 4; lastKnownFileType = sourcecode.cpp.h; path = BuilderToolBox.hpp; sourceTree = "<group>"; };
		59E0D3D31ED1BBB200BF10C4 /* VKLabel.cpp */ = {isa = PBXFileReference; fileEncoding = 4; lastKnownFileType = sourcecode.cpp.cpp; path = VKLabel.cpp; sourceTree = "<group>"; };
		59E0D3D71ED1BBC200BF10C4 /* VKImage.cpp */ = {isa = PBXFileReference; fileEncoding = 4; lastKnownFileType = sourcecode.cpp.cpp; path = VKImage.cpp; sourceTree = "<group>"; };
		59E0D3DD1ED4133800BF10C4 /* ColorPickerView.cpp */ = {isa = PBXFileReference; fileEncoding = 4; lastKnownFileType = sourcecode.cpp.cpp; path = ColorPickerView.cpp; sourceTree = "<group>"; };
		59E0D3DE1ED4133800BF10C4 /* ColorPickerView.hpp */ = {isa = PBXFileReference; fileEncoding = 4; lastKnownFileType = sourcecode.cpp.h; path = ColorPickerView.hpp; sourceTree = "<group>"; };
		59E0D3F21ED55EF800BF10C4 /* libVisualKit.dylib */ = {isa = PBXFileReference; explicitFileType = "compiled.mach-o.dylib"; includeInIndex = 0; path = libVisualKit.dylib; sourceTree = BUILT_PRODUCTS_DIR; };
		59E0D3F71ED55F3700BF10C4 /* CLApplication.hpp */ = {isa = PBXFileReference; fileEncoding = 4; lastKnownFileType = sourcecode.cpp.h; path = CLApplication.hpp; sourceTree = "<group>"; };
		59E0D3F81ED55F3700BF10C4 /* CLApplicationDelegate.hpp */ = {isa = PBXFileReference; fileEncoding = 4; lastKnownFileType = sourcecode.cpp.h; path = CLApplicationDelegate.hpp; sourceTree = "<group>"; };
		59E0D3F91ED55F3700BF10C4 /* VK.hpp */ = {isa = PBXFileReference; fileEncoding = 4; lastKnownFileType = sourcecode.cpp.h; path = VK.hpp; sourceTree = "<group>"; };
		59E0D3FA1ED55F3700BF10C4 /* VKAction.hpp */ = {isa = PBXFileReference; fileEncoding = 4; lastKnownFileType = sourcecode.cpp.h; path = VKAction.hpp; sourceTree = "<group>"; };
		59E0D3FB1ED55F3700BF10C4 /* VKAlertView.hpp */ = {isa = PBXFileReference; fileEncoding = 4; lastKnownFileType = sourcecode.cpp.h; path = VKAlertView.hpp; sourceTree = "<group>"; };
		59E0D3FC1ED55F3700BF10C4 /* VKButton.hpp */ = {isa = PBXFileReference; fileEncoding = 4; lastKnownFileType = sourcecode.cpp.h; path = VKButton.hpp; sourceTree = "<group>"; };
		59E0D3FD1ED55F3700BF10C4 /* VKCursor.hpp */ = {isa = PBXFileReference; fileEncoding = 4; lastKnownFileType = sourcecode.cpp.h; path = VKCursor.hpp; sourceTree = "<group>"; };
		59E0D3FE1ED55F3700BF10C4 /* VKImage.hpp */ = {isa = PBXFileReference; fileEncoding = 4; lastKnownFileType = sourcecode.cpp.h; path = VKImage.hpp; sourceTree = "<group>"; };
		59E0D3FF1ED55F3700BF10C4 /* VKKeyboard.hpp */ = {isa = PBXFileReference; fileEncoding = 4; lastKnownFileType = sourcecode.cpp.h; path = VKKeyboard.hpp; sourceTree = "<group>"; };
		59E0D4001ED55F3700BF10C4 /* VKLabel.hpp */ = {isa = PBXFileReference; fileEncoding = 4; lastKnownFileType = sourcecode.cpp.h; path = VKLabel.hpp; sourceTree = "<group>"; };
		59E0D4011ED55F3700BF10C4 /* VKTextInput.hpp */ = {isa = PBXFileReference; fileEncoding = 4; lastKnownFileType = sourcecode.cpp.h; path = VKTextInput.hpp; sourceTree = "<group>"; };
		59E0D4021ED55F3700BF10C4 /* VKTouch.hpp */ = {isa = PBXFileReference; fileEncoding = 4; lastKnownFileType = sourcecode.cpp.h; path = VKTouch.hpp; sourceTree = "<group>"; };
		59E0D4031ED55F3700BF10C4 /* VKView.hpp */ = {isa = PBXFileReference; fileEncoding = 4; lastKnownFileType = sourcecode.cpp.h; path = VKView.hpp; sourceTree = "<group>"; };
		59E0D4041ED55F3700BF10C4 /* VKWindow.hpp */ = {isa = PBXFileReference; fileEncoding = 4; lastKnownFileType = sourcecode.cpp.h; path = VKWindow.hpp; sourceTree = "<group>"; };
		59F0D6BE1EE46BC9006461F2 /* VKDropDown.cpp */ = {isa = PBXFileReference; fileEncoding = 4; lastKnownFileType = sourcecode.cpp.cpp; path = VKDropDown.cpp; sourceTree = "<group>"; };
		59F0D6C41EE46C2C006461F2 /* VKDropDown.hpp */ = {isa = PBXFileReference; fileEncoding = 4; lastKnownFileType = sourcecode.cpp.h; path = VKDropDown.hpp; sourceTree = "<group>"; };
		59F0D6C61EE4A303006461F2 /* VKSlider.cpp */ = {isa = PBXFileReference; fileEncoding = 4; lastKnownFileType = sourcecode.cpp.cpp; path = VKSlider.cpp; sourceTree = "<group>"; };
		59F0D6CA1EE4A31B006461F2 /* VKSlider.hpp */ = {isa = PBXFileReference; fileEncoding = 4; lastKnownFileType = sourcecode.cpp.h; path = VKSlider.hpp; sourceTree = "<group>"; };
/* End PBXFileReference section */

/* Begin PBXFrameworksBuildPhase section */
		59E0D3481ECE0AD700BF10C4 /* Frameworks */ = {
			isa = PBXFrameworksBuildPhase;
			buildActionMask = 2147483647;
			files = (
				59E0D35E1ECE0B3800BF10C4 /* libGX.dylib in Frameworks */,
				59E0D3641ECE0C5F00BF10C4 /* libGroundBase-cpp.dylib in Frameworks */,
				591884501ED805D500DF180F /* libVisualKit.dylib in Frameworks */,
			);
			runOnlyForDeploymentPostprocessing = 0;
		};
		59E0D3BE1ED1AC6600BF10C4 /* Frameworks */ = {
			isa = PBXFrameworksBuildPhase;
			buildActionMask = 2147483647;
			files = (
				59E0D3BF1ED1AC6600BF10C4 /* libGX.dylib in Frameworks */,
				59E0D3C01ED1AC6600BF10C4 /* libGroundBase-cpp.dylib in Frameworks */,
				59E0D4221ED55FBC00BF10C4 /* libVisualKit.dylib in Frameworks */,
			);
			runOnlyForDeploymentPostprocessing = 0;
		};
		59E0D3EF1ED55EF800BF10C4 /* Frameworks */ = {
			isa = PBXFrameworksBuildPhase;
			buildActionMask = 2147483647;
			files = (
				59E0D4211ED55FB200BF10C4 /* libGroundBase-cpp.dylib in Frameworks */,
				59E0D4201ED55F9500BF10C4 /* libGX.dylib in Frameworks */,
			);
			runOnlyForDeploymentPostprocessing = 0;
		};
/* End PBXFrameworksBuildPhase section */

/* Begin PBXGroup section */
		59E0D3421ECE0AD700BF10C4 = {
			isa = PBXGroup;
			children = (
				59E0D3551ECE0AE200BF10C4 /* GX.xcodeproj */,
				59E0D3F61ED55F3700BF10C4 /* include */,
				59E0D34D1ECE0AD700BF10C4 /* VisualKit */,
				59E0D3811ECED85200BF10C4 /* Test1 */,
				59E0D3C61ED1ACB500BF10C4 /* VKBuilder */,
				59E0D34C1ECE0AD700BF10C4 /* Products */,
				59E0D3621ECE0C5F00BF10C4 /* Frameworks */,
			);
			sourceTree = "<group>";
		};
		59E0D34C1ECE0AD700BF10C4 /* Products */ = {
			isa = PBXGroup;
			children = (
				59E0D34B1ECE0AD700BF10C4 /* VisualKitTest */,
				59E0D3C51ED1AC6600BF10C4 /* VKBuilder */,
				59E0D3F21ED55EF800BF10C4 /* libVisualKit.dylib */,
			);
			name = Products;
			sourceTree = "<group>";
		};
		59E0D34D1ECE0AD700BF10C4 /* VisualKit */ = {
			isa = PBXGroup;
			children = (
				5942850F1EF907EF0080DEAA /* VKStoryboard.cpp */,
				59F0D6C61EE4A303006461F2 /* VKSlider.cpp */,
				59F0D6BE1EE46BC9006461F2 /* VKDropDown.cpp */,
				59363F411EEA86A600A96EC8 /* VKContextMenu.cpp */,
				59E0D36E1ECE1C4E00BF10C4 /* VKView.cpp */,
				59E0D3D31ED1BBB200BF10C4 /* VKLabel.cpp */,
				59E0D3D71ED1BBC200BF10C4 /* VKImage.cpp */,
				59E016861EDD561B00E8986D /* VKLayout.cpp */,
				59E0D3931ECF641900BF10C4 /* VKTextInput.cpp */,
				59E0D3901ECF406700BF10C4 /* VKCursor.cpp */,
				59E0D38D1ECEFB7A00BF10C4 /* VKAlertView.cpp */,
				59E0D37B1ECED39F00BF10C4 /* VKTouch.cpp */,
				59E0D3961ED034A600BF10C4 /* VKKeyboard.cpp */,
				59E0D3781ECECD6D00BF10C4 /* VK.cpp */,
				59E0D3731ECE2B5600BF10C4 /* VKButton.cpp */,
				59E0D3651ECE0C8A00BF10C4 /* VKWindow.cpp */,
				59E0D3691ECE17C600BF10C4 /* CLApplication.cpp */,
				59E0D39F1ED0DAC400BF10C4 /* CLApplicationDelegate.cpp */,
			);
			path = VisualKit;
			sourceTree = "<group>";
		};
		59E0D3561ECE0AE200BF10C4 /* Products */ = {
			isa = PBXGroup;
			children = (
				59E0D35B1ECE0AE200BF10C4 /* GX */,
				59E0D35D1ECE0AE200BF10C4 /* libGX.dylib */,
			);
			name = Products;
			sourceTree = "<group>";
		};
		59E0D3621ECE0C5F00BF10C4 /* Frameworks */ = {
			isa = PBXGroup;
			children = (
				59E0D3631ECE0C5F00BF10C4 /* libGroundBase-cpp.dylib */,
			);
			name = Frameworks;
			sourceTree = "<group>";
		};
		59E0D3811ECED85200BF10C4 /* Test1 */ = {
			isa = PBXGroup;
			children = (
				59363F3C1EE9E05B00A96EC8 /* CustomView3.cpp */,
				59363F3D1EE9E05B00A96EC8 /* CustomView3.hpp */,
				59E0D3AA1ED19D3200BF10C4 /* CustomView2.cpp */,
				59E0D3AB1ED19D3200BF10C4 /* CustomView2.hpp */,
				59E0D3A61ED0DB0B00BF10C4 /* AppDelegate.cpp */,
				59E0D3A71ED0DB0B00BF10C4 /* AppDelegate.hpp */,
				59E0D3821ECED85200BF10C4 /* CustomView.cpp */,
				59E0D3831ECED85200BF10C4 /* CustomView.hpp */,
				59E0D3841ECED85200BF10C4 /* main.cpp */,
			);
			path = Test1;
			sourceTree = "<group>";
		};
		59E0D3C61ED1ACB500BF10C4 /* VKBuilder */ = {
			isa = PBXGroup;
			children = (
				59E0D3DD1ED4133800BF10C4 /* ColorPickerView.cpp */,
				59E0D3DE1ED4133800BF10C4 /* ColorPickerView.hpp */,
				59E0D3CF1ED1B06300BF10C4 /* BuilderToolBox.cpp */,
				59E0D3D01ED1B06300BF10C4 /* BuilderToolBox.hpp */,
				59E0D3CC1ED1AD1F00BF10C4 /* BuilderMainView.cpp */,
				59E0D3CD1ED1AD1F00BF10C4 /* BuilderMainView.hpp */,
				59E0D3C91ED1ACC600BF10C4 /* AppDelegate.cpp */,
				59E0D3CA1ED1ACC600BF10C4 /* AppDelegate.hpp */,
				59E0D3C71ED1ACB500BF10C4 /* mainVKBuilder.cpp */,
			);
			path = VKBuilder;
			sourceTree = "<group>";
		};
		59E0D3F61ED55F3700BF10C4 /* include */ = {
			isa = PBXGroup;
			children = (
				59E0D3F71ED55F3700BF10C4 /* CLApplication.hpp */,
				59E0D3F81ED55F3700BF10C4 /* CLApplicationDelegate.hpp */,
				59E0D3F91ED55F3700BF10C4 /* VK.hpp */,
				59E0168C1EDD563A00E8986D /* VKLayout.hpp */,
				59E0D4021ED55F3700BF10C4 /* VKTouch.hpp */,
				59E0D3FA1ED55F3700BF10C4 /* VKAction.hpp */,
				59E0D3FB1ED55F3700BF10C4 /* VKAlertView.hpp */,
				59363F451EEA86BA00A96EC8 /* VKContextMenu.hpp */,
				59F0D6C41EE46C2C006461F2 /* VKDropDown.hpp */,
				59E0D3FC1ED55F3700BF10C4 /* VKButton.hpp */,
				59E0D3FD1ED55F3700BF10C4 /* VKCursor.hpp */,
				59E0D3FE1ED55F3700BF10C4 /* VKImage.hpp */,
				59E0D3FF1ED55F3700BF10C4 /* VKKeyboard.hpp */,
				59E0D4001ED55F3700BF10C4 /* VKLabel.hpp */,
				59E0D4011ED55F3700BF10C4 /* VKTextInput.hpp */,
				59F0D6CA1EE4A31B006461F2 /* VKSlider.hpp */,
				59E0D4031ED55F3700BF10C4 /* VKView.hpp */,
				59E0D4041ED55F3700BF10C4 /* VKWindow.hpp */,
				594285151EF9080A0080DEAA /* VKStoryboard.hpp */,
			);
			path = include;
			sourceTree = "<group>";
		};
/* End PBXGroup section */

/* Begin PBXHeadersBuildPhase section */
		59E0D3F01ED55EF800BF10C4 /* Headers */ = {
			isa = PBXHeadersBuildPhase;
			buildActionMask = 2147483647;
			files = (
				59E0D4051ED55F3700BF10C4 /* CLApplication.hpp in Headers */,
				594285161EF9080A0080DEAA /* VKStoryboard.hpp in Headers */,
				59E0D4081ED55F3700BF10C4 /* VKAction.hpp in Headers */,
				59F0D6CB1EE4A31B006461F2 /* VKSlider.hpp in Headers */,
				59F0D6C51EE46C2C006461F2 /* VKDropDown.hpp in Headers */,
				59E0D40D1ED55F3700BF10C4 /* VKKeyboard.hpp in Headers */,
				59E0D4121ED55F3700BF10C4 /* VKWindow.hpp in Headers */,
				59E0D40B1ED55F3700BF10C4 /* VKCursor.hpp in Headers */,
				59E0D40F1ED55F3700BF10C4 /* VKTextInput.hpp in Headers */,
				59E0168D1EDD563A00E8986D /* VKLayout.hpp in Headers */,
				59E0D4101ED55F3700BF10C4 /* VKTouch.hpp in Headers */,
				59E0D4111ED55F3700BF10C4 /* VKView.hpp in Headers */,
				59E0D40E1ED55F3700BF10C4 /* VKLabel.hpp in Headers */,
				59E0D4071ED55F3700BF10C4 /* VK.hpp in Headers */,
				59E0D4061ED55F3700BF10C4 /* CLApplicationDelegate.hpp in Headers */,
				59363F461EEA86BA00A96EC8 /* VKContextMenu.hpp in Headers */,
				59E0D40C1ED55F3700BF10C4 /* VKImage.hpp in Headers */,
				59E0D4091ED55F3700BF10C4 /* VKAlertView.hpp in Headers */,
				59E0D40A1ED55F3700BF10C4 /* VKButton.hpp in Headers */,
			);
			runOnlyForDeploymentPostprocessing = 0;
		};
/* End PBXHeadersBuildPhase section */

/* Begin PBXNativeTarget section */
		59E0D34A1ECE0AD700BF10C4 /* VisualKitTest */ = {
			isa = PBXNativeTarget;
			buildConfigurationList = 59E0D3521ECE0AD700BF10C4 /* Build configuration list for PBXNativeTarget "VisualKitTest" */;
			buildPhases = (
				59E0D3471ECE0AD700BF10C4 /* Sources */,
				59E0D3481ECE0AD700BF10C4 /* Frameworks */,
				59E0D3491ECE0AD700BF10C4 /* CopyFiles */,
			);
			buildRules = (
			);
			dependencies = (
			);
			name = VisualKitTest;
			productName = VisualKit;
			productReference = 59E0D34B1ECE0AD700BF10C4 /* VisualKitTest */;
			productType = "com.apple.product-type.tool";
		};
		59E0D3AD1ED1AC6600BF10C4 /* VKBuilder */ = {
			isa = PBXNativeTarget;
			buildConfigurationList = 59E0D3C21ED1AC6600BF10C4 /* Build configuration list for PBXNativeTarget "VKBuilder" */;
			buildPhases = (
				59E0D3AE1ED1AC6600BF10C4 /* Sources */,
				59E0D3BE1ED1AC6600BF10C4 /* Frameworks */,
				59E0D3C11ED1AC6600BF10C4 /* CopyFiles */,
			);
			buildRules = (
			);
			dependencies = (
			);
			name = VKBuilder;
			productName = VisualKit;
			productReference = 59E0D3C51ED1AC6600BF10C4 /* VKBuilder */;
			productType = "com.apple.product-type.tool";
		};
		59E0D3F11ED55EF800BF10C4 /* VisualKit */ = {
			isa = PBXNativeTarget;
			buildConfigurationList = 59E0D3F31ED55EF800BF10C4 /* Build configuration list for PBXNativeTarget "VisualKit" */;
			buildPhases = (
				59E0D3EE1ED55EF800BF10C4 /* Sources */,
				59E0D3EF1ED55EF800BF10C4 /* Frameworks */,
				59E0D3F01ED55EF800BF10C4 /* Headers */,
			);
			buildRules = (
			);
			dependencies = (
			);
			name = VisualKit;
			productName = VisualKit;
			productReference = 59E0D3F21ED55EF800BF10C4 /* libVisualKit.dylib */;
			productType = "com.apple.product-type.library.dynamic";
		};
/* End PBXNativeTarget section */

/* Begin PBXProject section */
		59E0D3431ECE0AD700BF10C4 /* Project object */ = {
			isa = PBXProject;
			attributes = {
				LastUpgradeCheck = 0820;
				ORGANIZATIONNAME = "Unlimited Development";
				TargetAttributes = {
					59E0D34A1ECE0AD700BF10C4 = {
						CreatedOnToolsVersion = 8.2;
						ProvisioningStyle = Automatic;
					};
					59E0D3F11ED55EF800BF10C4 = {
						CreatedOnToolsVersion = 8.2;
						ProvisioningStyle = Automatic;
					};
				};
			};
			buildConfigurationList = 59E0D3461ECE0AD700BF10C4 /* Build configuration list for PBXProject "VisualKit" */;
			compatibilityVersion = "Xcode 3.2";
			developmentRegion = English;
			hasScannedForEncodings = 0;
			knownRegions = (
				en,
			);
			mainGroup = 59E0D3421ECE0AD700BF10C4;
			productRefGroup = 59E0D34C1ECE0AD700BF10C4 /* Products */;
			projectDirPath = "";
			projectReferences = (
				{
					ProductGroup = 59E0D3561ECE0AE200BF10C4 /* Products */;
					ProjectRef = 59E0D3551ECE0AE200BF10C4 /* GX.xcodeproj */;
				},
			);
			projectRoot = "";
			targets = (
				59E0D3F11ED55EF800BF10C4 /* VisualKit */,
				59E0D34A1ECE0AD700BF10C4 /* VisualKitTest */,
				59E0D3AD1ED1AC6600BF10C4 /* VKBuilder */,
			);
		};
/* End PBXProject section */

/* Begin PBXReferenceProxy section */
		59E0D35B1ECE0AE200BF10C4 /* GX */ = {
			isa = PBXReferenceProxy;
			fileType = "compiled.mach-o.executable";
			path = GX;
			remoteRef = 59E0D35A1ECE0AE200BF10C4 /* PBXContainerItemProxy */;
			sourceTree = BUILT_PRODUCTS_DIR;
		};
		59E0D35D1ECE0AE200BF10C4 /* libGX.dylib */ = {
			isa = PBXReferenceProxy;
			fileType = "compiled.mach-o.dylib";
			path = libGX.dylib;
			remoteRef = 59E0D35C1ECE0AE200BF10C4 /* PBXContainerItemProxy */;
			sourceTree = BUILT_PRODUCTS_DIR;
		};
/* End PBXReferenceProxy section */

/* Begin PBXSourcesBuildPhase section */
		59E0D3471ECE0AD700BF10C4 /* Sources */ = {
			isa = PBXSourcesBuildPhase;
			buildActionMask = 2147483647;
			files = (
				59E0D3A81ED0DB0B00BF10C4 /* AppDelegate.cpp in Sources */,
				59363F3E1EE9E05B00A96EC8 /* CustomView3.cpp in Sources */,
				59E0D3AC1ED19D3200BF10C4 /* CustomView2.cpp in Sources */,
				59E0D3861ECED85200BF10C4 /* main.cpp in Sources */,
				59E0D3851ECED85200BF10C4 /* CustomView.cpp in Sources */,
			);
			runOnlyForDeploymentPostprocessing = 0;
		};
		59E0D3AE1ED1AC6600BF10C4 /* Sources */ = {
			isa = PBXSourcesBuildPhase;
			buildActionMask = 2147483647;
			files = (
				59E0D3DF1ED4133800BF10C4 /* ColorPickerView.cpp in Sources */,
				59E0D3CE1ED1AD1F00BF10C4 /* BuilderMainView.cpp in Sources */,
				59E0D3D11ED1B06300BF10C4 /* BuilderToolBox.cpp in Sources */,
				59E0D3C81ED1ACB500BF10C4 /* mainVKBuilder.cpp in Sources */,
				59E0D3CB1ED1ACC600BF10C4 /* AppDelegate.cpp in Sources */,
			);
			runOnlyForDeploymentPostprocessing = 0;
		};
		59E0D3EE1ED55EF800BF10C4 /* Sources */ = {
			isa = PBXSourcesBuildPhase;
			buildActionMask = 2147483647;
			files = (
				59E0D41A1ED55F4E00BF10C4 /* VK.cpp in Sources */,
				59F0D6C81EE4A303006461F2 /* VKSlider.cpp in Sources */,
				59F0D6C01EE46BC9006461F2 /* VKDropDown.cpp in Sources */,
				594285111EF907EF0080DEAA /* VKStoryboard.cpp in Sources */,
				59E0D41F1ED55F4E00BF10C4 /* CLApplicationDelegate.cpp in Sources */,
				59E016881EDD561B00E8986D /* VKLayout.cpp in Sources */,
				59E0D4161ED55F4E00BF10C4 /* VKCursor.cpp in Sources */,
				59E0D4141ED55F4E00BF10C4 /* VKImage.cpp in Sources */,
				59E0D41D1ED55F4E00BF10C4 /* VKWindow.cpp in Sources */,
				59E0D41C1ED55F4E00BF10C4 /* VKView.cpp in Sources */,
				59E0D41E1ED55F4E00BF10C4 /* CLApplication.cpp in Sources */,
				59E0D4181ED55F4E00BF10C4 /* VKTouch.cpp in Sources */,
				59E0D41B1ED55F4E00BF10C4 /* VKButton.cpp in Sources */,
				59E0D4151ED55F4E00BF10C4 /* VKTextInput.cpp in Sources */,
				59E0D4191ED55F4E00BF10C4 /* VKKeyboard.cpp in Sources */,
				59E0D4131ED55F4E00BF10C4 /* VKLabel.cpp in Sources */,
				59363F431EEA86A600A96EC8 /* VKContextMenu.cpp in Sources */,
				59E0D4171ED55F4E00BF10C4 /* VKAlertView.cpp in Sources */,
			);
			runOnlyForDeploymentPostprocessing = 0;
		};
/* End PBXSourcesBuildPhase section */

/* Begin XCBuildConfiguration section */
		59E0D3501ECE0AD700BF10C4 /* Debug */ = {
			isa = XCBuildConfiguration;
			buildSettings = {
				ALWAYS_SEARCH_USER_PATHS = NO;
				CLANG_ANALYZER_NONNULL = YES;
				CLANG_CXX_LANGUAGE_STANDARD = "gnu++0x";
				CLANG_CXX_LIBRARY = "libc++";
				CLANG_ENABLE_MODULES = YES;
				CLANG_ENABLE_OBJC_ARC = YES;
				CLANG_WARN_BOOL_CONVERSION = YES;
				CLANG_WARN_CONSTANT_CONVERSION = YES;
				CLANG_WARN_DIRECT_OBJC_ISA_USAGE = YES_ERROR;
				CLANG_WARN_DOCUMENTATION_COMMENTS = YES;
				CLANG_WARN_EMPTY_BODY = YES;
				CLANG_WARN_ENUM_CONVERSION = YES;
				CLANG_WARN_INFINITE_RECURSION = YES;
				CLANG_WARN_INT_CONVERSION = YES;
				CLANG_WARN_OBJC_ROOT_CLASS = YES_ERROR;
				CLANG_WARN_SUSPICIOUS_MOVE = YES;
				CLANG_WARN_UNREACHABLE_CODE = YES;
				CLANG_WARN__DUPLICATE_METHOD_MATCH = YES;
				CODE_SIGN_IDENTITY = "-";
				COPY_PHASE_STRIP = NO;
				DEBUG_INFORMATION_FORMAT = dwarf;
				ENABLE_STRICT_OBJC_MSGSEND = YES;
				ENABLE_TESTABILITY = YES;
				GCC_C_LANGUAGE_STANDARD = gnu99;
				GCC_DYNAMIC_NO_PIC = NO;
				GCC_NO_COMMON_BLOCKS = YES;
				GCC_OPTIMIZATION_LEVEL = 0;
				GCC_PREPROCESSOR_DEFINITIONS = (
					"DEBUG=1",
					"$(inherited)",
				);
				GCC_WARN_64_TO_32_BIT_CONVERSION = YES;
				GCC_WARN_ABOUT_RETURN_TYPE = YES_ERROR;
				GCC_WARN_SHADOW = YES;
				GCC_WARN_SIGN_COMPARE = YES;
				GCC_WARN_UNDECLARED_SELECTOR = YES;
				GCC_WARN_UNINITIALIZED_AUTOS = YES_AGGRESSIVE;
				GCC_WARN_UNUSED_FUNCTION = YES;
				GCC_WARN_UNUSED_PARAMETER = YES;
				GCC_WARN_UNUSED_VARIABLE = YES;
				HEADER_SEARCH_PATHS = /usr/local/include/GroundBase/;
				LIBRARY_SEARCH_PATHS = /usr/local/lib/;
				MACOSX_DEPLOYMENT_TARGET = 10.12;
				MTL_ENABLE_DEBUG_INFO = YES;
				ONLY_ACTIVE_ARCH = YES;
				SDKROOT = macosx;
			};
			name = Debug;
		};
		59E0D3511ECE0AD700BF10C4 /* Release */ = {
			isa = XCBuildConfiguration;
			buildSettings = {
				ALWAYS_SEARCH_USER_PATHS = NO;
				CLANG_ANALYZER_NONNULL = YES;
				CLANG_CXX_LANGUAGE_STANDARD = "gnu++0x";
				CLANG_CXX_LIBRARY = "libc++";
				CLANG_ENABLE_MODULES = YES;
				CLANG_ENABLE_OBJC_ARC = YES;
				CLANG_WARN_BOOL_CONVERSION = YES;
				CLANG_WARN_CONSTANT_CONVERSION = YES;
				CLANG_WARN_DIRECT_OBJC_ISA_USAGE = YES_ERROR;
				CLANG_WARN_DOCUMENTATION_COMMENTS = YES;
				CLANG_WARN_EMPTY_BODY = YES;
				CLANG_WARN_ENUM_CONVERSION = YES;
				CLANG_WARN_INFINITE_RECURSION = YES;
				CLANG_WARN_INT_CONVERSION = YES;
				CLANG_WARN_OBJC_ROOT_CLASS = YES_ERROR;
				CLANG_WARN_SUSPICIOUS_MOVE = YES;
				CLANG_WARN_UNREACHABLE_CODE = YES;
				CLANG_WARN__DUPLICATE_METHOD_MATCH = YES;
				CODE_SIGN_IDENTITY = "-";
				COPY_PHASE_STRIP = NO;
				DEBUG_INFORMATION_FORMAT = "dwarf-with-dsym";
				ENABLE_NS_ASSERTIONS = NO;
				ENABLE_STRICT_OBJC_MSGSEND = YES;
				GCC_C_LANGUAGE_STANDARD = gnu99;
				GCC_NO_COMMON_BLOCKS = YES;
				GCC_WARN_64_TO_32_BIT_CONVERSION = YES;
				GCC_WARN_ABOUT_RETURN_TYPE = YES_ERROR;
				GCC_WARN_SHADOW = YES;
				GCC_WARN_SIGN_COMPARE = YES;
				GCC_WARN_UNDECLARED_SELECTOR = YES;
				GCC_WARN_UNINITIALIZED_AUTOS = YES_AGGRESSIVE;
				GCC_WARN_UNUSED_FUNCTION = YES;
				GCC_WARN_UNUSED_PARAMETER = YES;
				GCC_WARN_UNUSED_VARIABLE = YES;
				HEADER_SEARCH_PATHS = /usr/local/include/GroundBase/;
				LIBRARY_SEARCH_PATHS = /usr/local/lib/;
				MACOSX_DEPLOYMENT_TARGET = 10.12;
				MTL_ENABLE_DEBUG_INFO = NO;
				SDKROOT = macosx;
			};
			name = Release;
		};
		59E0D3531ECE0AD700BF10C4 /* Debug */ = {
			isa = XCBuildConfiguration;
			buildSettings = {
				PRODUCT_NAME = "$(TARGET_NAME)";
			};
			name = Debug;
		};
		59E0D3541ECE0AD700BF10C4 /* Release */ = {
			isa = XCBuildConfiguration;
			buildSettings = {
				PRODUCT_NAME = "$(TARGET_NAME)";
			};
			name = Release;
		};
		59E0D3C31ED1AC6600BF10C4 /* Debug */ = {
			isa = XCBuildConfiguration;
			buildSettings = {
				PRODUCT_NAME = "$(TARGET_NAME)";
			};
			name = Debug;
		};
		59E0D3C41ED1AC6600BF10C4 /* Release */ = {
			isa = XCBuildConfiguration;
			buildSettings = {
				PRODUCT_NAME = "$(TARGET_NAME)";
			};
			name = Release;
		};
		59E0D3F41ED55EF800BF10C4 /* Debug */ = {
			isa = XCBuildConfiguration;
			buildSettings = {
				DYLIB_COMPATIBILITY_VERSION = 1;
				DYLIB_CURRENT_VERSION = 1;
				EXECUTABLE_PREFIX = lib;
				PRODUCT_NAME = "$(TARGET_NAME)";
			};
			name = Debug;
		};
		59E0D3F51ED55EF800BF10C4 /* Release */ = {
			isa = XCBuildConfiguration;
			buildSettings = {
				DYLIB_COMPATIBILITY_VERSION = 1;
				DYLIB_CURRENT_VERSION = 1;
				EXECUTABLE_PREFIX = lib;
				PRODUCT_NAME = "$(TARGET_NAME)";
			};
			name = Release;
		};
/* End XCBuildConfiguration section */

/* Begin XCConfigurationList section */
		59E0D3461ECE0AD700BF10C4 /* Build configuration list for PBXProject "VisualKit" */ = {
			isa = XCConfigurationList;
			buildConfigurations = (
				59E0D3501ECE0AD700BF10C4 /* Debug */,
				59E0D3511ECE0AD700BF10C4 /* Release */,
			);
			defaultConfigurationIsVisible = 0;
			defaultConfigurationName = Release;
		};
		59E0D3521ECE0AD700BF10C4 /* Build configuration list for PBXNativeTarget "VisualKitTest" */ = {
			isa = XCConfigurationList;
			buildConfigurations = (
				59E0D3531ECE0AD700BF10C4 /* Debug */,
				59E0D3541ECE0AD700BF10C4 /* Release */,
			);
			defaultConfigurationIsVisible = 0;
			defaultConfigurationName = Release;
		};
		59E0D3C21ED1AC6600BF10C4 /* Build configuration list for PBXNativeTarget "VKBuilder" */ = {
			isa = XCConfigurationList;
			buildConfigurations = (
				59E0D3C31ED1AC6600BF10C4 /* Debug */,
				59E0D3C41ED1AC6600BF10C4 /* Release */,
			);
			defaultConfigurationIsVisible = 0;
			defaultConfigurationName = Release;
		};
		59E0D3F31ED55EF800BF10C4 /* Build configuration list for PBXNativeTarget "VisualKit" */ = {
			isa = XCConfigurationList;
			buildConfigurations = (
				59E0D3F41ED55EF800BF10C4 /* Debug */,
				59E0D3F51ED55EF800BF10C4 /* Release */,
			);
			defaultConfigurationIsVisible = 0;
			defaultConfigurationName = Release;
		};
/* End XCConfigurationList section */
	};
	rootObject = 59E0D3431ECE0AD700BF10C4 /* Project object */;
}
